
Microsoft Visual Studio Solution File, Format Version 12.00
# Visual Studio Version 16
VisualStudioVersion = 16.0.30717.126
MinimumVisualStudioVersion = 10.0.40219.1
Project("{2150E333-8FDC-42A3-9474-1A3956D46DE8}") = "Solution Items", "Solution Items", "{BFE1F900-0805-4E6F-958B-AF94340EFC8F}"
	ProjectSection(SolutionItems) = preProject
		.gitignore = .gitignore
		LICENSE = LICENSE
		README.md = README.md
	EndProjectSection
EndProject
Project("{9A19103F-16F7-4668-BE54-9A1E7A4F7556}") = "DataAccess", "DataAccess\DataAccess.csproj", "{8CA204E9-EA45-4C08-A400-5E976330E9F5}"
EndProject
Project("{FAE04EC0-301F-11D3-BF4B-00C04F79EFBC}") = "Web", "Web\Web.csproj", "{8F3A6A2C-724D-4769-B04E-E0688914FF94}"
EndProject
Global
	GlobalSection(SolutionConfigurationPlatforms) = preSolution
		Debug|Any CPU = Debug|Any CPU
		Release|Any CPU = Release|Any CPU
	EndGlobalSection
	GlobalSection(ProjectConfigurationPlatforms) = postSolution
		{8CA204E9-EA45-4C08-A400-5E976330E9F5}.Debug|Any CPU.ActiveCfg = Debug|Any CPU
		{8CA204E9-EA45-4C08-A400-5E976330E9F5}.Debug|Any CPU.Build.0 = Debug|Any CPU
		{8CA204E9-EA45-4C08-A400-5E976330E9F5}.Release|Any CPU.ActiveCfg = Release|Any CPU
		{8CA204E9-EA45-4C08-A400-5E976330E9F5}.Release|Any CPU.Build.0 = Release|Any CPU
		{8F3A6A2C-724D-4769-B04E-E0688914FF94}.Debug|Any CPU.ActiveCfg = Debug|Any CPU
		{8F3A6A2C-724D-4769-B04E-E0688914FF94}.Debug|Any CPU.Build.0 = Debug|Any CPU
		{8F3A6A2C-724D-4769-B04E-E0688914FF94}.Release|Any CPU.ActiveCfg = Release|Any CPU
		{8F3A6A2C-724D-4769-B04E-E0688914FF94}.Release|Any CPU.Build.0 = Release|Any CPU
	EndGlobalSection
	GlobalSection(SolutionProperties) = preSolution
		HideSolutionNode = FALSE
	EndGlobalSection
	GlobalSection(ExtensibilityGlobals) = postSolution
		SolutionGuid = {56F23216-52F9-47FF-A22A-5A4454E77A91}
	EndGlobalSection
EndGlobal
